
Microsoft Visual Studio Solution File, Format Version 12.00
# Visual Studio Version 17
VisualStudioVersion = 17.0.32112.339
MinimumVisualStudioVersion = 10.0.40219.1
Project("{FAE04EC0-301F-11D3-BF4B-00C04F79EFBC}") = "OES.WEB.BFF", "OES.WEB.BFF\OES.WEB.BFF.csproj", "{A4CA1F72-ED56-482B-8EA5-7934C3F88C82}"
EndProject
Global
	GlobalSection(SolutionConfigurationPlatforms) = preSolution
		Debug|Any CPU = Debug|Any CPU
		Release|Any CPU = Release|Any CPU
	EndGlobalSection
	GlobalSection(ProjectConfigurationPlatforms) = postSolution
		{A4CA1F72-ED56-482B-8EA5-7934C3F88C82}.Debug|Any CPU.ActiveCfg = Debug|Any CPU
		{A4CA1F72-ED56-482B-8EA5-7934C3F88C82}.Debug|Any CPU.Build.0 = Debug|Any CPU
		{A4CA1F72-ED56-482B-8EA5-7934C3F88C82}.Release|Any CPU.ActiveCfg = Release|Any CPU
		{A4CA1F72-ED56-482B-8EA5-7934C3F88C82}.Release|Any CPU.Build.0 = Release|Any CPU
	EndGlobalSection
	GlobalSection(SolutionProperties) = preSolution
		HideSolutionNode = FALSE
	EndGlobalSection
	GlobalSection(ExtensibilityGlobals) = postSolution
		SolutionGuid = {6EC7DA10-4806-410D-AFBE-89EBAB3E9963}
	EndGlobalSection
EndGlobal
