
Microsoft Visual Studio Solution File, Format Version 12.00
# Visual Studio Version 17
VisualStudioVersion = 17.0.32112.339
MinimumVisualStudioVersion = 10.0.40219.1
Project("{9A19103F-16F7-4668-BE54-9A1E7A4F7556}") = "LoginServiceAPI", "OnlineEducationSystem\LoginService\LoginServiceAPI\LoginServiceAPI.csproj", "{3BABE7C5-B32F-4938-B138-BB5A46254A87}"
EndProject
Project("{9A19103F-16F7-4668-BE54-9A1E7A4F7556}") = "UserServiceAPI", "OnlineEducationSystem\UserServiceAPI\UserServiceAPI\UserServiceAPI.csproj", "{253C4B6E-332F-42BC-94F1-77E4A226EEEB}"
EndProject
Project("{9A19103F-16F7-4668-BE54-9A1E7A4F7556}") = "ClassroomServiceAPI", "OnlineEducationSystem\ClassroomService\ClassroomServiceAPI\ClassroomServiceAPI.csproj", "{291304C5-7448-4CC5-A9AF-499B45D9D76A}"
EndProject
Project("{9A19103F-16F7-4668-BE54-9A1E7A4F7556}") = "OES.WEB.BFF", "OnlineEducationSystem\OES.WEB.BFF\OES.WEB.BFF\OES.WEB.BFF.csproj", "{7DF312E2-3A20-4C09-87C6-40D1D14287DA}"
EndProject
Project("{E53339B2-1760-4266-BCC7-CA923CBCF16C}") = "docker-compose", "docker-compose.dcproj", "{93A46095-118B-4A5F-ACA5-635AECBD1223}"
EndProject
Global
	GlobalSection(SolutionConfigurationPlatforms) = preSolution
		Debug|Any CPU = Debug|Any CPU
		Release|Any CPU = Release|Any CPU
	EndGlobalSection
	GlobalSection(ProjectConfigurationPlatforms) = postSolution
		{3BABE7C5-B32F-4938-B138-BB5A46254A87}.Debug|Any CPU.ActiveCfg = Debug|Any CPU
		{3BABE7C5-B32F-4938-B138-BB5A46254A87}.Debug|Any CPU.Build.0 = Debug|Any CPU
		{3BABE7C5-B32F-4938-B138-BB5A46254A87}.Release|Any CPU.ActiveCfg = Release|Any CPU
		{3BABE7C5-B32F-4938-B138-BB5A46254A87}.Release|Any CPU.Build.0 = Release|Any CPU
		{253C4B6E-332F-42BC-94F1-77E4A226EEEB}.Debug|Any CPU.ActiveCfg = Debug|Any CPU
		{253C4B6E-332F-42BC-94F1-77E4A226EEEB}.Debug|Any CPU.Build.0 = Debug|Any CPU
		{253C4B6E-332F-42BC-94F1-77E4A226EEEB}.Release|Any CPU.ActiveCfg = Release|Any CPU
		{253C4B6E-332F-42BC-94F1-77E4A226EEEB}.Release|Any CPU.Build.0 = Release|Any CPU
		{291304C5-7448-4CC5-A9AF-499B45D9D76A}.Debug|Any CPU.ActiveCfg = Debug|Any CPU
		{291304C5-7448-4CC5-A9AF-499B45D9D76A}.Debug|Any CPU.Build.0 = Debug|Any CPU
		{291304C5-7448-4CC5-A9AF-499B45D9D76A}.Release|Any CPU.ActiveCfg = Release|Any CPU
		{291304C5-7448-4CC5-A9AF-499B45D9D76A}.Release|Any CPU.Build.0 = Release|Any CPU
		{7DF312E2-3A20-4C09-87C6-40D1D14287DA}.Debug|Any CPU.ActiveCfg = Debug|Any CPU
		{7DF312E2-3A20-4C09-87C6-40D1D14287DA}.Debug|Any CPU.Build.0 = Debug|Any CPU
		{7DF312E2-3A20-4C09-87C6-40D1D14287DA}.Release|Any CPU.ActiveCfg = Release|Any CPU
		{7DF312E2-3A20-4C09-87C6-40D1D14287DA}.Release|Any CPU.Build.0 = Release|Any CPU
		{93A46095-118B-4A5F-ACA5-635AECBD1223}.Debug|Any CPU.ActiveCfg = Debug|Any CPU
		{93A46095-118B-4A5F-ACA5-635AECBD1223}.Debug|Any CPU.Build.0 = Debug|Any CPU
		{93A46095-118B-4A5F-ACA5-635AECBD1223}.Release|Any CPU.ActiveCfg = Release|Any CPU
		{93A46095-118B-4A5F-ACA5-635AECBD1223}.Release|Any CPU.Build.0 = Release|Any CPU
	EndGlobalSection
	GlobalSection(SolutionProperties) = preSolution
		HideSolutionNode = FALSE
	EndGlobalSection
	GlobalSection(ExtensibilityGlobals) = postSolution
		SolutionGuid = {BCD24849-B281-43E2-86AC-CB4D03A8CCF1}
	EndGlobalSection
EndGlobal
