
Microsoft Visual Studio Solution File, Format Version 12.00
# Visual Studio Version 17
VisualStudioVersion = 17.0.32014.148
MinimumVisualStudioVersion = 10.0.40219.1
Project("{FAE04EC0-301F-11D3-BF4B-00C04F79EFBC}") = "UserServiceAPI", "UserServiceAPI\UserServiceAPI.csproj", "{CA533A47-4669-44D0-8F99-F74F3B750DA1}"
EndProject
Global
	GlobalSection(SolutionConfigurationPlatforms) = preSolution
		Debug|Any CPU = Debug|Any CPU
		Release|Any CPU = Release|Any CPU
	EndGlobalSection
	GlobalSection(ProjectConfigurationPlatforms) = postSolution
		{CA533A47-4669-44D0-8F99-F74F3B750DA1}.Debug|Any CPU.ActiveCfg = Debug|Any CPU
		{CA533A47-4669-44D0-8F99-F74F3B750DA1}.Debug|Any CPU.Build.0 = Debug|Any CPU
		{CA533A47-4669-44D0-8F99-F74F3B750DA1}.Release|Any CPU.ActiveCfg = Release|Any CPU
		{CA533A47-4669-44D0-8F99-F74F3B750DA1}.Release|Any CPU.Build.0 = Release|Any CPU
	EndGlobalSection
	GlobalSection(SolutionProperties) = preSolution
		HideSolutionNode = FALSE
	EndGlobalSection
	GlobalSection(ExtensibilityGlobals) = postSolution
		SolutionGuid = {25C2CF48-F1CF-4446-98FB-B7B077DEFE9C}
	EndGlobalSection
EndGlobal
